// !$*UTF8*$!
{
	archiveVersion = 1;
	classes = {
	};
	objectVersion = 56;
	objects = {

/* Begin PBXBuildFile section */
		23CE40452E865E8300BFFB21 /* AppDelegate.swift in Sources */ = {isa = PBXBuildFile; fileRef = 23CE40442E865E8300BFFB21 /* AppDelegate.swift */; };
		23CE40472E865E8300BFFB21 /* SceneDelegate.swift in Sources */ = {isa = PBXBuildFile; fileRef = 23CE40462E865E8300BFFB21 /* SceneDelegate.swift */; };
		23CE40492E865E8300BFFB21 /* ViewController.swift in Sources */ = {isa = PBXBuildFile; fileRef = 23CE40482E865E8300BFFB21 /* ViewController.swift */; };
		23CE404C2E865E8300BFFB21 /* Main.storyboard in Resources */ = {isa = PBXBuildFile; fileRef = 23CE404A2E865E8300BFFB21 /* Main.storyboard */; };
		23CE404E2E865E8500BFFB21 /* Assets.xcassets in Resources */ = {isa = PBXBuildFile; fileRef = 23CE404D2E865E8500BFFB21 /* Assets.xcassets */; };
		23CE40512E865E8500BFFB21 /* LaunchScreen.storyboard in Resources */ = {isa = PBXBuildFile; fileRef = 23CE404F2E865E8500BFFB21 /* LaunchScreen.storyboard */; };
		23CE405C2E865E8600BFFB21 /* ios_lr3Tests.swift in Sources */ = {isa = PBXBuildFile; fileRef = 23CE405B2E865E8600BFFB21 /* ios_lr3Tests.swift */; };
		23CE40662E865E8600BFFB21 /* ios_lr3UITests.swift in Sources */ = {isa = PBXBuildFile; fileRef = 23CE40652E865E8600BFFB21 /* ios_lr3UITests.swift */; };
		23CE40682E865E8600BFFB21 /* ios_lr3UITestsLaunchTests.swift in Sources */ = {isa = PBXBuildFile; fileRef = 23CE40672E865E8600BFFB21 /* ios_lr3UITestsLaunchTests.swift */; };
/* End PBXBuildFile section */

/* Begin PBXContainerItemProxy section */
		23CE40582E865E8600BFFB21 /* PBXContainerItemProxy */ = {
			isa = PBXContainerItemProxy;
			containerPortal = 23CE40392E865E8300BFFB21 /* Project object */;
			proxyType = 1;
			remoteGlobalIDString = 23CE40402E865E8300BFFB21;
			remoteInfo = ios_lr3;
		};
		23CE40622E865E8600BFFB21 /* PBXContainerItemProxy */ = {
			isa = PBXContainerItemProxy;
			containerPortal = 23CE40392E865E8300BFFB21 /* Project object */;
			proxyType = 1;
			remoteGlobalIDString = 23CE40402E865E8300BFFB21;
			remoteInfo = ios_lr3;
		};
/* End PBXContainerItemProxy section */

/* Begin PBXFileReference section */
		23CE40412E865E8300BFFB21 /* ios_lr3.app */ = {isa = PBXFileReference; explicitFileType = wrapper.application; includeInIndex = 0; path = ios_lr3.app; sourceTree = BUILT_PRODUCTS_DIR; };
		23CE40442E865E8300BFFB21 /* AppDelegate.swift */ = {isa = PBXFileReference; lastKnownFileType = sourcecode.swift; path = AppDelegate.swift; sourceTree = "<group>"; };
		23CE40462E865E8300BFFB21 /* SceneDelegate.swift */ = {isa = PBXFileReference; lastKnownFileType = sourcecode.swift; path = SceneDelegate.swift; sourceTree = "<group>"; };
		23CE40482E865E8300BFFB21 /* ViewController.swift */ = {isa = PBXFileReference; lastKnownFileType = sourcecode.swift; path = ViewController.swift; sourceTree = "<group>"; };
		23CE404B2E865E8300BFFB21 /* Base */ = {isa = PBXFileReference; lastKnownFileType = file.storyboard; name = Base; path = Base.lproj/Main.storyboard; sourceTree = "<group>"; };
		23CE404D2E865E8500BFFB21 /* Assets.xcassets */ = {isa = PBXFileReference; lastKnownFileType = folder.assetcatalog; path = Assets.xcassets; sourceTree = "<group>"; };
		23CE40502E865E8500BFFB21 /* Base */ = {isa = PBXFileReference; lastKnownFileType = file.storyboard; name = Base; path = Base.lproj/LaunchScreen.storyboard; sourceTree = "<group>"; };
		23CE40522E865E8500BFFB21 /* Info.plist */ = {isa = PBXFileReference; lastKnownFileType = text.plist.xml; path = Info.plist; sourceTree = "<group>"; };
		23CE40572E865E8600BFFB21 /* ios_lr3Tests.xctest */ = {isa = PBXFileReference; explicitFileType = wrapper.cfbundle; includeInIndex = 0; path = ios_lr3Tests.xctest; sourceTree = BUILT_PRODUCTS_DIR; };
		23CE405B2E865E8600BFFB21 /* ios_lr3Tests.swift */ = {isa = PBXFileReference; lastKnownFileType = sourcecode.swift; path = ios_lr3Tests.swift; sourceTree = "<group>"; };
		23CE40612E865E8600BFFB21 /* ios_lr3UITests.xctest */ = {isa = PBXFileReference; explicitFileType = wrapper.cfbundle; includeInIndex = 0; path = ios_lr3UITests.xctest; sourceTree = BUILT_PRODUCTS_DIR; };
		23CE40652E865E8600BFFB21 /* ios_lr3UITests.swift */ = {isa = PBXFileReference; lastKnownFileType = sourcecode.swift; path = ios_lr3UITests.swift; sourceTree = "<group>"; };
		23CE40672E865E8600BFFB21 /* ios_lr3UITestsLaunchTests.swift */ = {isa = PBXFileReference; lastKnownFileType = sourcecode.swift; path = ios_lr3UITestsLaunchTests.swift; sourceTree = "<group>"; };
/* End PBXFileReference section */

/* Begin PBXFrameworksBuildPhase section */
		23CE403E2E865E8300BFFB21 /* Frameworks */ = {
			isa = PBXFrameworksBuildPhase;
			buildActionMask = 2147483647;
			files = (
			);
			runOnlyForDeploymentPostprocessing = 0;
		};
		23CE40542E865E8600BFFB21 /* Frameworks */ = {
			isa = PBXFrameworksBuildPhase;
			buildActionMask = 2147483647;
			files = (
			);
			runOnlyForDeploymentPostprocessing = 0;
		};
		23CE405E2E865E8600BFFB21 /* Frameworks */ = {
			isa = PBXFrameworksBuildPhase;
			buildActionMask = 2147483647;
			files = (
			);
			runOnlyForDeploymentPostprocessing = 0;
		};
/* End PBXFrameworksBuildPhase section */

/* Begin PBXGroup section */
		23CE40382E865E8300BFFB21 = {
			isa = PBXGroup;
			children = (
				23CE40432E865E8300BFFB21 /* ios_lr3 */,
				23CE405A2E865E8600BFFB21 /* ios_lr3Tests */,
				23CE40642E865E8600BFFB21 /* ios_lr3UITests */,
				23CE40422E865E8300BFFB21 /* Products */,
			);
			sourceTree = "<group>";
		};
		23CE40422E865E8300BFFB21 /* Products */ = {
			isa = PBXGroup;
			children = (
				23CE40412E865E8300BFFB21 /* ios_lr3.app */,
				23CE40572E865E8600BFFB21 /* ios_lr3Tests.xctest */,
				23CE40612E865E8600BFFB21 /* ios_lr3UITests.xctest */,
			);
			name = Products;
			sourceTree = "<group>";
		};
		23CE40432E865E8300BFFB21 /* ios_lr3 */ = {
			isa = PBXGroup;
			children = (
				23CE40442E865E8300BFFB21 /* AppDelegate.swift */,
				23CE40462E865E8300BFFB21 /* SceneDelegate.swift */,
				23CE40482E865E8300BFFB21 /* ViewController.swift */,
				23CE404A2E865E8300BFFB21 /* Main.storyboard */,
				23CE404D2E865E8500BFFB21 /* Assets.xcassets */,
				23CE404F2E865E8500BFFB21 /* LaunchScreen.storyboard */,
				23CE40522E865E8500BFFB21 /* Info.plist */,
			);
			path = ios_lr3;
			sourceTree = "<group>";
		};
		23CE405A2E865E8600BFFB21 /* ios_lr3Tests */ = {
			isa = PBXGroup;
			children = (
				23CE405B2E865E8600BFFB21 /* ios_lr3Tests.swift */,
			);
			path = ios_lr3Tests;
			sourceTree = "<group>";
		};
		23CE40642E865E8600BFFB21 /* ios_lr3UITests */ = {
			isa = PBXGroup;
			children = (
				23CE40652E865E8600BFFB21 /* ios_lr3UITests.swift */,
				23CE40672E865E8600BFFB21 /* ios_lr3UITestsLaunchTests.swift */,
			);
			path = ios_lr3UITests;
			sourceTree = "<group>";
		};
/* End PBXGroup section */

/* Begin PBXNativeTarget section */
		23CE40402E865E8300BFFB21 /* ios_lr3 */ = {
			isa = PBXNativeTarget;
			buildConfigurationList = 23CE406B2E865E8600BFFB21 /* Build configuration list for PBXNativeTarget "ios_lr3" */;
			buildPhases = (
				23CE403D2E865E8300BFFB21 /* Sources */,
				23CE403E2E865E8300BFFB21 /* Frameworks */,
				23CE403F2E865E8300BFFB21 /* Resources */,
			);
			buildRules = (
			);
			dependencies = (
			);
			name = ios_lr3;
			productName = ios_lr3;
			productReference = 23CE40412E865E8300BFFB21 /* ios_lr3.app */;
			productType = "com.apple.product-type.application";
		};
		23CE40562E865E8600BFFB21 /* ios_lr3Tests */ = {
			isa = PBXNativeTarget;
			buildConfigurationList = 23CE406E2E865E8600BFFB21 /* Build configuration list for PBXNativeTarget "ios_lr3Tests" */;
			buildPhases = (
				23CE40532E865E8600BFFB21 /* Sources */,
				23CE40542E865E8600BFFB21 /* Frameworks */,
				23CE40552E865E8600BFFB21 /* Resources */,
			);
			buildRules = (
			);
			dependencies = (
				23CE40592E865E8600BFFB21 /* PBXTargetDependency */,
			);
			name = ios_lr3Tests;
			productName = ios_lr3Tests;
			productReference = 23CE40572E865E8600BFFB21 /* ios_lr3Tests.xctest */;
			productType = "com.apple.product-type.bundle.unit-test";
		};
		23CE40602E865E8600BFFB21 /* ios_lr3UITests */ = {
			isa = PBXNativeTarget;
			buildConfigurationList = 23CE40712E865E8600BFFB21 /* Build configuration list for PBXNativeTarget "ios_lr3UITests" */;
			buildPhases = (
				23CE405D2E865E8600BFFB21 /* Sources */,
				23CE405E2E865E8600BFFB21 /* Frameworks */,
				23CE405F2E865E8600BFFB21 /* Resources */,
			);
			buildRules = (
			);
			dependencies = (
				23CE40632E865E8600BFFB21 /* PBXTargetDependency */,
			);
			name = ios_lr3UITests;
			productName = ios_lr3UITests;
			productReference = 23CE40612E865E8600BFFB21 /* ios_lr3UITests.xctest */;
			productType = "com.apple.product-type.bundle.ui-testing";
		};
/* End PBXNativeTarget section */

/* Begin PBXProject section */
		23CE40392E865E8300BFFB21 /* Project object */ = {
			isa = PBXProject;
			attributes = {
				BuildIndependentTargetsInParallel = 1;
				LastSwiftUpdateCheck = 1520;
				LastUpgradeCheck = 1520;
				TargetAttributes = {
					23CE40402E865E8300BFFB21 = {
						CreatedOnToolsVersion = 15.2;
					};
					23CE40562E865E8600BFFB21 = {
						CreatedOnToolsVersion = 15.2;
						TestTargetID = 23CE40402E865E8300BFFB21;
					};
					23CE40602E865E8600BFFB21 = {
						CreatedOnToolsVersion = 15.2;
						TestTargetID = 23CE40402E865E8300BFFB21;
					};
				};
			};
			buildConfigurationList = 23CE403C2E865E8300BFFB21 /* Build configuration list for PBXProject "ios_lr3" */;
			compatibilityVersion = "Xcode 14.0";
			developmentRegion = en;
			hasScannedForEncodings = 0;
			knownRegions = (
				en,
				Base,
			);
			mainGroup = 23CE40382E865E8300BFFB21;
			productRefGroup = 23CE40422E865E8300BFFB21 /* Products */;
			projectDirPath = "";
			projectRoot = "";
			targets = (
				23CE40402E865E8300BFFB21 /* ios_lr3 */,
				23CE40562E865E8600BFFB21 /* ios_lr3Tests */,
				23CE40602E865E8600BFFB21 /* ios_lr3UITests */,
			);
		};
/* End PBXProject section */

/* Begin PBXResourcesBuildPhase section */
		23CE403F2E865E8300BFFB21 /* Resources */ = {
			isa = PBXResourcesBuildPhase;
			buildActionMask = 2147483647;
			files = (
				23CE40512E865E8500BFFB21 /* LaunchScreen.storyboard in Resources */,
				23CE404E2E865E8500BFFB21 /* Assets.xcassets in Resources */,
				23CE404C2E865E8300BFFB21 /* Main.storyboard in Resources */,
			);
			runOnlyForDeploymentPostprocessing = 0;
		};
		23CE40552E865E8600BFFB21 /* Resources */ = {
			isa = PBXResourcesBuildPhase;
			buildActionMask = 2147483647;
			files = (
			);
			runOnlyForDeploymentPostprocessing = 0;
		};
		23CE405F2E865E8600BFFB21 /* Resources */ = {
			isa = PBXResourcesBuildPhase;
			buildActionMask = 2147483647;
			files = (
			);
			runOnlyForDeploymentPostprocessing = 0;
		};
/* End PBXResourcesBuildPhase section */

/* Begin PBXSourcesBuildPhase section */
		23CE403D2E865E8300BFFB21 /* Sources */ = {
			isa = PBXSourcesBuildPhase;
			buildActionMask = 2147483647;
			files = (
				23CE40492E865E8300BFFB21 /* ViewController.swift in Sources */,
				23CE40452E865E8300BFFB21 /* AppDelegate.swift in Sources */,
				23CE40472E865E8300BFFB21 /* SceneDelegate.swift in Sources */,
			);
			runOnlyForDeploymentPostprocessing = 0;
		};
		23CE40532E865E8600BFFB21 /* Sources */ = {
			isa = PBXSourcesBuildPhase;
			buildActionMask = 2147483647;
			files = (
				23CE405C2E865E8600BFFB21 /* ios_lr3Tests.swift in Sources */,
			);
			runOnlyForDeploymentPostprocessing = 0;
		};
		23CE405D2E865E8600BFFB21 /* Sources */ = {
			isa = PBXSourcesBuildPhase;
			buildActionMask = 2147483647;
			files = (
				23CE40682E865E8600BFFB21 /* ios_lr3UITestsLaunchTests.swift in Sources */,
				23CE40662E865E8600BFFB21 /* ios_lr3UITests.swift in Sources */,
			);
			runOnlyForDeploymentPostprocessing = 0;
		};
/* End PBXSourcesBuildPhase section */

/* Begin PBXTargetDependency section */
		23CE40592E865E8600BFFB21 /* PBXTargetDependency */ = {
			isa = PBXTargetDependency;
			target = 23CE40402E865E8300BFFB21 /* ios_lr3 */;
			targetProxy = 23CE40582E865E8600BFFB21 /* PBXContainerItemProxy */;
		};
		23CE40632E865E8600BFFB21 /* PBXTargetDependency */ = {
			isa = PBXTargetDependency;
			target = 23CE40402E865E8300BFFB21 /* ios_lr3 */;
			targetProxy = 23CE40622E865E8600BFFB21 /* PBXContainerItemProxy */;
		};
/* End PBXTargetDependency section */

/* Begin PBXVariantGroup section */
		23CE404A2E865E8300BFFB21 /* Main.storyboard */ = {
			isa = PBXVariantGroup;
			children = (
				23CE404B2E865E8300BFFB21 /* Base */,
			);
			name = Main.storyboard;
			sourceTree = "<group>";
		};
		23CE404F2E865E8500BFFB21 /* LaunchScreen.storyboard */ = {
			isa = PBXVariantGroup;
			children = (
				23CE40502E865E8500BFFB21 /* Base */,
			);
			name = LaunchScreen.storyboard;
			sourceTree = "<group>";
		};
/* End PBXVariantGroup section */

/* Begin XCBuildConfiguration section */
		23CE40692E865E8600BFFB21 /* Debug */ = {
			isa = XCBuildConfiguration;
			buildSettings = {
				ALWAYS_SEARCH_USER_PATHS = NO;
				ASSETCATALOG_COMPILER_GENERATE_SWIFT_ASSET_SYMBOL_EXTENSIONS = YES;
				CLANG_ANALYZER_NONNULL = YES;
				CLANG_ANALYZER_NUMBER_OBJECT_CONVERSION = YES_AGGRESSIVE;
				CLANG_CXX_LANGUAGE_STANDARD = "gnu++20";
				CLANG_ENABLE_MODULES = YES;
				CLANG_ENABLE_OBJC_ARC = YES;
				CLANG_ENABLE_OBJC_WEAK = YES;
				CLANG_WARN_BLOCK_CAPTURE_AUTORELEASING = YES;
				CLANG_WARN_BOOL_CONVERSION = YES;
				CLANG_WARN_COMMA = YES;
				CLANG_WARN_CONSTANT_CONVERSION = YES;
				CLANG_WARN_DEPRECATED_OBJC_IMPLEMENTATIONS = YES;
				CLANG_WARN_DIRECT_OBJC_ISA_USAGE = YES_ERROR;
				CLANG_WARN_DOCUMENTATION_COMMENTS = YES;
				CLANG_WARN_EMPTY_BODY = YES;
				CLANG_WARN_ENUM_CONVERSION = YES;
				CLANG_WARN_INFINITE_RECURSION = YES;
				CLANG_WARN_INT_CONVERSION = YES;
				CLANG_WARN_NON_LITERAL_NULL_CONVERSION = YES;
				CLANG_WARN_OBJC_IMPLICIT_RETAIN_SELF = YES;
				CLANG_WARN_OBJC_LITERAL_CONVERSION = YES;
				CLANG_WARN_OBJC_ROOT_CLASS = YES_ERROR;
				CLANG_WARN_QUOTED_INCLUDE_IN_FRAMEWORK_HEADER = YES;
				CLANG_WARN_RANGE_LOOP_ANALYSIS = YES;
				CLANG_WARN_STRICT_PROTOTYPES = YES;
				CLANG_WARN_SUSPICIOUS_MOVE = YES;
				CLANG_WARN_UNGUARDED_AVAILABILITY = YES_AGGRESSIVE;
				CLANG_WARN_UNREACHABLE_CODE = YES;
				CLANG_WARN__DUPLICATE_METHOD_MATCH = YES;
				COPY_PHASE_STRIP = NO;
				DEBUG_INFORMATION_FORMAT = dwarf;
				ENABLE_STRICT_OBJC_MSGSEND = YES;
				ENABLE_TESTABILITY = YES;
				ENABLE_USER_SCRIPT_SANDBOXING = YES;
				GCC_C_LANGUAGE_STANDARD = gnu17;
				GCC_DYNAMIC_NO_PIC = NO;
				GCC_NO_COMMON_BLOCKS = YES;
				GCC_OPTIMIZATION_LEVEL = 0;
				GCC_PREPROCESSOR_DEFINITIONS = (
					"DEBUG=1",
					"$(inherited)",
				);
				GCC_WARN_64_TO_32_BIT_CONVERSION = YES;
				GCC_WARN_ABOUT_RETURN_TYPE = YES_ERROR;
				GCC_WARN_UNDECLARED_SELECTOR = YES;
				GCC_WARN_UNINITIALIZED_AUTOS = YES_AGGRESSIVE;
				GCC_WARN_UNUSED_FUNCTION = YES;
				GCC_WARN_UNUSED_VARIABLE = YES;
				IPHONEOS_DEPLOYMENT_TARGET = 17.2;
				LOCALIZATION_PREFERS_STRING_CATALOGS = YES;
				MTL_ENABLE_DEBUG_INFO = INCLUDE_SOURCE;
				MTL_FAST_MATH = YES;
				ONLY_ACTIVE_ARCH = YES;
				SDKROOT = iphoneos;
				SWIFT_ACTIVE_COMPILATION_CONDITIONS = "DEBUG $(inherited)";
				SWIFT_OPTIMIZATION_LEVEL = "-Onone";
			};
			name = Debug;
		};
		23CE406A2E865E8600BFFB21 /* Release */ = {
			isa = XCBuildConfiguration;
			buildSettings = {
				ALWAYS_SEARCH_USER_PATHS = NO;
				ASSETCATALOG_COMPILER_GENERATE_SWIFT_ASSET_SYMBOL_EXTENSIONS = YES;
				CLANG_ANALYZER_NONNULL = YES;
				CLANG_ANALYZER_NUMBER_OBJECT_CONVERSION = YES_AGGRESSIVE;
				CLANG_CXX_LANGUAGE_STANDARD = "gnu++20";
				CLANG_ENABLE_MODULES = YES;
				CLANG_ENABLE_OBJC_ARC = YES;
				CLANG_ENABLE_OBJC_WEAK = YES;
				CLANG_WARN_BLOCK_CAPTURE_AUTORELEASING = YES;
				CLANG_WARN_BOOL_CONVERSION = YES;
				CLANG_WARN_COMMA = YES;
				CLANG_WARN_CONSTANT_CONVERSION = YES;
				CLANG_WARN_DEPRECATED_OBJC_IMPLEMENTATIONS = YES;
				CLANG_WARN_DIRECT_OBJC_ISA_USAGE = YES_ERROR;
				CLANG_WARN_DOCUMENTATION_COMMENTS = YES;
				CLANG_WARN_EMPTY_BODY = YES;
				CLANG_WARN_ENUM_CONVERSION = YES;
				CLANG_WARN_INFINITE_RECURSION = YES;
				CLANG_WARN_INT_CONVERSION = YES;
				CLANG_WARN_NON_LITERAL_NULL_CONVERSION = YES;
				CLANG_WARN_OBJC_IMPLICIT_RETAIN_SELF = YES;
				CLANG_WARN_OBJC_LITERAL_CONVERSION = YES;
				CLANG_WARN_OBJC_ROOT_CLASS = YES_ERROR;
				CLANG_WARN_QUOTED_INCLUDE_IN_FRAMEWORK_HEADER = YES;
				CLANG_WARN_RANGE_LOOP_ANALYSIS = YES;
				CLANG_WARN_STRICT_PROTOTYPES = YES;
				CLANG_WARN_SUSPICIOUS_MOVE = YES;
				CLANG_WARN_UNGUARDED_AVAILABILITY = YES_AGGRESSIVE;
				CLANG_WARN_UNREACHABLE_CODE = YES;
				CLANG_WARN__DUPLICATE_METHOD_MATCH = YES;
				COPY_PHASE_STRIP = NO;
				DEBUG_INFORMATION_FORMAT = "dwarf-with-dsym";
				ENABLE_NS_ASSERTIONS = NO;
				ENABLE_STRICT_OBJC_MSGSEND = YES;
				ENABLE_USER_SCRIPT_SANDBOXING = YES;
				GCC_C_LANGUAGE_STANDARD = gnu17;
				GCC_NO_COMMON_BLOCKS = YES;
				GCC_WARN_64_TO_32_BIT_CONVERSION = YES;
				GCC_WARN_ABOUT_RETURN_TYPE = YES_ERROR;
				GCC_WARN_UNDECLARED_SELECTOR = YES;
				GCC_WARN_UNINITIALIZED_AUTOS = YES_AGGRESSIVE;
				GCC_WARN_UNUSED_FUNCTION = YES;
				GCC_WARN_UNUSED_VARIABLE = YES;
				IPHONEOS_DEPLOYMENT_TARGET = 17.2;
				LOCALIZATION_PREFERS_STRING_CATALOGS = YES;
				MTL_ENABLE_DEBUG_INFO = NO;
				MTL_FAST_MATH = YES;
				SDKROOT = iphoneos;
				SWIFT_COMPILATION_MODE = wholemodule;
				VALIDATE_PRODUCT = YES;
			};
			name = Release;
		};
		23CE406C2E865E8600BFFB21 /* Debug */ = {
			isa = XCBuildConfiguration;
			buildSettings = {
				ASSETCATALOG_COMPILER_APPICON_NAME = AppIcon;
				ASSETCATALOG_COMPILER_GLOBAL_ACCENT_COLOR_NAME = AccentColor;
				CODE_SIGN_STYLE = Automatic;
				CURRENT_PROJECT_VERSION = 1;
				GENERATE_INFOPLIST_FILE = YES;
				INFOPLIST_FILE = ios_lr3/Info.plist;
				INFOPLIST_KEY_UIApplicationSupportsIndirectInputEvents = YES;
				INFOPLIST_KEY_UILaunchStoryboardName = LaunchScreen;
				INFOPLIST_KEY_UIMainStoryboardFile = Main;
				INFOPLIST_KEY_UISupportedInterfaceOrientations_iPad = "UIInterfaceOrientationPortrait UIInterfaceOrientationPortraitUpsideDown UIInterfaceOrientationLandscapeLeft UIInterfaceOrientationLandscapeRight";
				INFOPLIST_KEY_UISupportedInterfaceOrientations_iPhone = "UIInterfaceOrientationPortrait UIInterfaceOrientationLandscapeLeft UIInterfaceOrientationLandscapeRight";
				LD_RUNPATH_SEARCH_PATHS = (
					"$(inherited)",
					"@executable_path/Frameworks",
				);
				MARKETING_VERSION = 1.0;
				PRODUCT_BUNDLE_IDENTIFIER = "aaa.ios-lr3";
				PRODUCT_NAME = "$(TARGET_NAME)";
				SWIFT_EMIT_LOC_STRINGS = YES;
				SWIFT_VERSION = 5.0;
				TARGETED_DEVICE_FAMILY = "1,2";
			};
			name = Debug;
		};
		23CE406D2E865E8600BFFB21 /* Release */ = {
			isa = XCBuildConfiguration;
			buildSettings = {
				ASSETCATALOG_COMPILER_APPICON_NAME = AppIcon;
				ASSETCATALOG_COMPILER_GLOBAL_ACCENT_COLOR_NAME = AccentColor;
				CODE_SIGN_STYLE = Automatic;
				CURRENT_PROJECT_VERSION = 1;
				GENERATE_INFOPLIST_FILE = YES;
				INFOPLIST_FILE = ios_lr3/Info.plist;
				INFOPLIST_KEY_UIApplicationSupportsIndirectInputEvents = YES;
				INFOPLIST_KEY_UILaunchStoryboardName = LaunchScreen;
				INFOPLIST_KEY_UIMainStoryboardFile = Main;
				INFOPLIST_KEY_UISupportedInterfaceOrientations_iPad = "UIInterfaceOrientationPortrait UIInterfaceOrientationPortraitUpsideDown UIInterfaceOrientationLandscapeLeft UIInterfaceOrientationLandscapeRight";
				INFOPLIST_KEY_UISupportedInterfaceOrientations_iPhone = "UIInterfaceOrientationPortrait UIInterfaceOrientationLandscapeLeft UIInterfaceOrientationLandscapeRight";
				LD_RUNPATH_SEARCH_PATHS = (
					"$(inherited)",
					"@executable_path/Frameworks",
				);
				MARKETING_VERSION = 1.0;
				PRODUCT_BUNDLE_IDENTIFIER = "aaa.ios-lr3";
				PRODUCT_NAME = "$(TARGET_NAME)";
				SWIFT_EMIT_LOC_STRINGS = YES;
				SWIFT_VERSION = 5.0;
				TARGETED_DEVICE_FAMILY = "1,2";
			};
			name = Release;
		};
		23CE406F2E865E8600BFFB21 /* Debug */ = {
			isa = XCBuildConfiguration;
			buildSettings = {
				ALWAYS_EMBED_SWIFT_STANDARD_LIBRARIES = YES;
				BUNDLE_LOADER = "$(TEST_HOST)";
				CODE_SIGN_STYLE = Automatic;
				CURRENT_PROJECT_VERSION = 1;
				GENERATE_INFOPLIST_FILE = YES;
				IPHONEOS_DEPLOYMENT_TARGET = 17.2;
				MARKETING_VERSION = 1.0;
				PRODUCT_BUNDLE_IDENTIFIER = "aaa.ios-lr3Tests";
				PRODUCT_NAME = "$(TARGET_NAME)";
				SWIFT_EMIT_LOC_STRINGS = NO;
				SWIFT_VERSION = 5.0;
				TARGETED_DEVICE_FAMILY = "1,2";
				TEST_HOST = "$(BUILT_PRODUCTS_DIR)/ios_lr3.app/$(BUNDLE_EXECUTABLE_FOLDER_PATH)/ios_lr3";
			};
			name = Debug;
		};
		23CE40702E865E8600BFFB21 /* Release */ = {
			isa = XCBuildConfiguration;
			buildSettings = {
				ALWAYS_EMBED_SWIFT_STANDARD_LIBRARIES = YES;
				BUNDLE_LOADER = "$(TEST_HOST)";
				CODE_SIGN_STYLE = Automatic;
				CURRENT_PROJECT_VERSION = 1;
				GENERATE_INFOPLIST_FILE = YES;
				IPHONEOS_DEPLOYMENT_TARGET = 17.2;
				MARKETING_VERSION = 1.0;
				PRODUCT_BUNDLE_IDENTIFIER = "aaa.ios-lr3Tests";
				PRODUCT_NAME = "$(TARGET_NAME)";
				SWIFT_EMIT_LOC_STRINGS = NO;
				SWIFT_VERSION = 5.0;
				TARGETED_DEVICE_FAMILY = "1,2";
				TEST_HOST = "$(BUILT_PRODUCTS_DIR)/ios_lr3.app/$(BUNDLE_EXECUTABLE_FOLDER_PATH)/ios_lr3";
			};
			name = Release;
		};
		23CE40722E865E8600BFFB21 /* Debug */ = {
			isa = XCBuildConfiguration;
			buildSettings = {
				ALWAYS_EMBED_SWIFT_STANDARD_LIBRARIES = YES;
				CODE_SIGN_STYLE = Automatic;
				CURRENT_PROJECT_VERSION = 1;
				GENERATE_INFOPLIST_FILE = YES;
				MARKETING_VERSION = 1.0;
				PRODUCT_BUNDLE_IDENTIFIER = "aaa.ios-lr3UITests";
				PRODUCT_NAME = "$(TARGET_NAME)";
				SWIFT_EMIT_LOC_STRINGS = NO;
				SWIFT_VERSION = 5.0;
				TARGETED_DEVICE_FAMILY = "1,2";
				TEST_TARGET_NAME = ios_lr3;
			};
			name = Debug;
		};
		23CE40732E865E8600BFFB21 /* Release */ = {
			isa = XCBuildConfiguration;
			buildSettings = {
				ALWAYS_EMBED_SWIFT_STANDARD_LIBRARIES = YES;
				CODE_SIGN_STYLE = Automatic;
				CURRENT_PROJECT_VERSION = 1;
				GENERATE_INFOPLIST_FILE = YES;
				MARKETING_VERSION = 1.0;
				PRODUCT_BUNDLE_IDENTIFIER = "aaa.ios-lr3UITests";
				PRODUCT_NAME = "$(TARGET_NAME)";
				SWIFT_EMIT_LOC_STRINGS = NO;
				SWIFT_VERSION = 5.0;
				TARGETED_DEVICE_FAMILY = "1,2";
				TEST_TARGET_NAME = ios_lr3;
			};
			name = Release;
		};
/* End XCBuildConfiguration section */

/* Begin XCConfigurationList section */
		23CE403C2E865E8300BFFB21 /* Build configuration list for PBXProject "ios_lr3" */ = {
			isa = XCConfigurationList;
			buildConfigurations = (
				23CE40692E865E8600BFFB21 /* Debug */,
				23CE406A2E865E8600BFFB21 /* Release */,
			);
			defaultConfigurationIsVisible = 0;
			defaultConfigurationName = Release;
		};
		23CE406B2E865E8600BFFB21 /* Build configuration list for PBXNativeTarget "ios_lr3" */ = {
			isa = XCConfigurationList;
			buildConfigurations = (
				23CE406C2E865E8600BFFB21 /* Debug */,
				23CE406D2E865E8600BFFB21 /* Release */,
			);
			defaultConfigurationIsVisible = 0;
			defaultConfigurationName = Release;
		};
		23CE406E2E865E8600BFFB21 /* Build configuration list for PBXNativeTarget "ios_lr3Tests" */ = {
			isa = XCConfigurationList;
			buildConfigurations = (
				23CE406F2E865E8600BFFB21 /* Debug */,
				23CE40702E865E8600BFFB21 /* Release */,
			);
			defaultConfigurationIsVisible = 0;
			defaultConfigurationName = Release;
		};
		23CE40712E865E8600BFFB21 /* Build configuration list for PBXNativeTarget "ios_lr3UITests" */ = {
			isa = XCConfigurationList;
			buildConfigurations = (
				23CE40722E865E8600BFFB21 /* Debug */,
				23CE40732E865E8600BFFB21 /* Release */,
			);
			defaultConfigurationIsVisible = 0;
			defaultConfigurationName = Release;
		};
/* End XCConfigurationList section */
	};
	rootObject = 23CE40392E865E8300BFFB21 /* Project object */;
}
